
Microsoft Visual Studio Solution File, Format Version 12.00
# Visual Studio Version 16
VisualStudioVersion = 16.0.28803.452
MinimumVisualStudioVersion = 10.0.40219.1
Project("{FAE04EC0-301F-11D3-BF4B-00C04F79EFBC}") = "EmployeeDemo", "EmployeeDemo\EmployeeDemo.csproj", "{698C8816-3264-4CDF-B115-DE0E15C08CB2}"
EndProject
Global
	GlobalSection(SolutionConfigurationPlatforms) = preSolution
		Debug|Any CPU = Debug|Any CPU
		Release|Any CPU = Release|Any CPU
	EndGlobalSection
	GlobalSection(ProjectConfigurationPlatforms) = postSolution
		{698C8816-3264-4CDF-B115-DE0E15C08CB2}.Debug|Any CPU.ActiveCfg = Debug|Any CPU
		{698C8816-3264-4CDF-B115-DE0E15C08CB2}.Debug|Any CPU.Build.0 = Debug|Any CPU
		{698C8816-3264-4CDF-B115-DE0E15C08CB2}.Release|Any CPU.ActiveCfg = Release|Any CPU
		{698C8816-3264-4CDF-B115-DE0E15C08CB2}.Release|Any CPU.Build.0 = Release|Any CPU
	EndGlobalSection
	GlobalSection(SolutionProperties) = preSolution
		HideSolutionNode = FALSE
	EndGlobalSection
	GlobalSection(ExtensibilityGlobals) = postSolution
		SolutionGuid = {79D596F0-C59A-47A1-92B1-E778C1B27340}
	EndGlobalSection
EndGlobal
